
Microsoft Visual Studio Solution File, Format Version 12.00
# Visual Studio Version 16
VisualStudioVersion = 16.0.29403.142
MinimumVisualStudioVersion = 10.0.40219.1
Project("{9A19103F-16F7-4668-BE54-9A1E7A4F7556}") = "ConsoleNetCore30", "ConsoleNetCore30\ConsoleNetCore30.csproj", "{7304FEB1-DCD3-4578-AB25-D30133B13E7A}"
EndProject
Project("{9A19103F-16F7-4668-BE54-9A1E7A4F7556}") = "PracticeCase", "PracticeCase\PracticeCase.csproj", "{A6F9082C-9486-4588-955F-19B7B2D089F7}"
EndProject
Project("{9A19103F-16F7-4668-BE54-9A1E7A4F7556}") = "ProgrammingPracticeHelper", "ProgrammingPracticeHelper\ProgrammingPracticeHelper.csproj", "{BC68EEA0-6979-4D80-A903-8E4E7BDABF4C}"
EndProject
Project("{FAE04EC0-301F-11D3-BF4B-00C04F79EFBC}") = "TypeScriptPractice", "TypeScriptPractice\TypeScriptPractice.csproj", "{647C6F2D-EEC9-4165-96AF-FC9F6FB0BD6E}"
EndProject
Global
	GlobalSection(SolutionConfigurationPlatforms) = preSolution
		Debug|Any CPU = Debug|Any CPU
		Release|Any CPU = Release|Any CPU
	EndGlobalSection
	GlobalSection(ProjectConfigurationPlatforms) = postSolution
		{7304FEB1-DCD3-4578-AB25-D30133B13E7A}.Debug|Any CPU.ActiveCfg = Debug|Any CPU
		{7304FEB1-DCD3-4578-AB25-D30133B13E7A}.Debug|Any CPU.Build.0 = Debug|Any CPU
		{7304FEB1-DCD3-4578-AB25-D30133B13E7A}.Release|Any CPU.ActiveCfg = Release|Any CPU
		{7304FEB1-DCD3-4578-AB25-D30133B13E7A}.Release|Any CPU.Build.0 = Release|Any CPU
		{A6F9082C-9486-4588-955F-19B7B2D089F7}.Debug|Any CPU.ActiveCfg = Debug|Any CPU
		{A6F9082C-9486-4588-955F-19B7B2D089F7}.Debug|Any CPU.Build.0 = Debug|Any CPU
		{A6F9082C-9486-4588-955F-19B7B2D089F7}.Release|Any CPU.ActiveCfg = Release|Any CPU
		{A6F9082C-9486-4588-955F-19B7B2D089F7}.Release|Any CPU.Build.0 = Release|Any CPU
		{BC68EEA0-6979-4D80-A903-8E4E7BDABF4C}.Debug|Any CPU.ActiveCfg = Debug|Any CPU
		{BC68EEA0-6979-4D80-A903-8E4E7BDABF4C}.Debug|Any CPU.Build.0 = Debug|Any CPU
		{BC68EEA0-6979-4D80-A903-8E4E7BDABF4C}.Release|Any CPU.ActiveCfg = Release|Any CPU
		{BC68EEA0-6979-4D80-A903-8E4E7BDABF4C}.Release|Any CPU.Build.0 = Release|Any CPU
		{647C6F2D-EEC9-4165-96AF-FC9F6FB0BD6E}.Debug|Any CPU.ActiveCfg = Debug|Any CPU
		{647C6F2D-EEC9-4165-96AF-FC9F6FB0BD6E}.Debug|Any CPU.Build.0 = Debug|Any CPU
		{647C6F2D-EEC9-4165-96AF-FC9F6FB0BD6E}.Release|Any CPU.ActiveCfg = Release|Any CPU
		{647C6F2D-EEC9-4165-96AF-FC9F6FB0BD6E}.Release|Any CPU.Build.0 = Release|Any CPU
	EndGlobalSection
	GlobalSection(SolutionProperties) = preSolution
		HideSolutionNode = FALSE
	EndGlobalSection
	GlobalSection(ExtensibilityGlobals) = postSolution
		SolutionGuid = {1E0A46EC-2B6A-4A86-81B1-762A3CB9D32D}
	EndGlobalSection
EndGlobal
